// !$*UTF8*$!
{
	archiveVersion = 1;
	classes = {
	};
	objectVersion = 56;
	objects = {

/* Begin PBXBuildFile section */
		A06182732A72C69800359493 /* BeKnewApp.swift in Sources */ = {isa = PBXBuildFile; fileRef = A06182722A72C69800359493 /* BeKnewApp.swift */; };
		A06182752A72C69800359493 /* ContentView.swift in Sources */ = {isa = PBXBuildFile; fileRef = A06182742A72C69800359493 /* ContentView.swift */; };
		A06182772A72C69900359493 /* Assets.xcassets in Resources */ = {isa = PBXBuildFile; fileRef = A06182762A72C69900359493 /* Assets.xcassets */; };
		A061827A2A72C69900359493 /* Preview Assets.xcassets in Resources */ = {isa = PBXBuildFile; fileRef = A06182792A72C69900359493 /* Preview Assets.xcassets */; };
		A06182C52A73C48F00359493 /* ListView.swift in Sources */ = {isa = PBXBuildFile; fileRef = A06182C42A73C48F00359493 /* ListView.swift */; };
		A06182C72A73C4A700359493 /* MoreView.swift in Sources */ = {isa = PBXBuildFile; fileRef = A06182C62A73C4A700359493 /* MoreView.swift */; };
		A06182CD2A73C4F700359493 /* StateArticle.swift in Sources */ = {isa = PBXBuildFile; fileRef = A06182CC2A73C4F700359493 /* StateArticle.swift */; };
		A06182CF2A73C50900359493 /* Articles.swift in Sources */ = {isa = PBXBuildFile; fileRef = A06182CE2A73C50900359493 /* Articles.swift */; };
		A06182D12A73C51900359493 /* Source.swift in Sources */ = {isa = PBXBuildFile; fileRef = A06182D02A73C51900359493 /* Source.swift */; };
		A06182D32A73C81000359493 /* Parsing.swift in Sources */ = {isa = PBXBuildFile; fileRef = A06182D22A73C81000359493 /* Parsing.swift */; };
/* End PBXBuildFile section */

/* Begin PBXFileReference section */
		A061826F2A72C69800359493 /* BeKnew.app */ = {isa = PBXFileReference; explicitFileType = wrapper.application; includeInIndex = 0; path = BeKnew.app; sourceTree = BUILT_PRODUCTS_DIR; };
		A06182722A72C69800359493 /* BeKnewApp.swift */ = {isa = PBXFileReference; lastKnownFileType = sourcecode.swift; path = BeKnewApp.swift; sourceTree = "<group>"; };
		A06182742A72C69800359493 /* ContentView.swift */ = {isa = PBXFileReference; lastKnownFileType = sourcecode.swift; path = ContentView.swift; sourceTree = "<group>"; };
		A06182762A72C69900359493 /* Assets.xcassets */ = {isa = PBXFileReference; lastKnownFileType = folder.assetcatalog; path = Assets.xcassets; sourceTree = "<group>"; };
		A06182792A72C69900359493 /* Preview Assets.xcassets */ = {isa = PBXFileReference; lastKnownFileType = folder.assetcatalog; path = "Preview Assets.xcassets"; sourceTree = "<group>"; };
		A06182C42A73C48F00359493 /* ListView.swift */ = {isa = PBXFileReference; lastKnownFileType = sourcecode.swift; path = ListView.swift; sourceTree = "<group>"; };
		A06182C62A73C4A700359493 /* MoreView.swift */ = {isa = PBXFileReference; lastKnownFileType = sourcecode.swift; path = MoreView.swift; sourceTree = "<group>"; };
		A06182CC2A73C4F700359493 /* StateArticle.swift */ = {isa = PBXFileReference; lastKnownFileType = sourcecode.swift; path = StateArticle.swift; sourceTree = "<group>"; };
		A06182CE2A73C50900359493 /* Articles.swift */ = {isa = PBXFileReference; lastKnownFileType = sourcecode.swift; path = Articles.swift; sourceTree = "<group>"; };
		A06182D02A73C51900359493 /* Source.swift */ = {isa = PBXFileReference; lastKnownFileType = sourcecode.swift; path = Source.swift; sourceTree = "<group>"; };
		A06182D22A73C81000359493 /* Parsing.swift */ = {isa = PBXFileReference; lastKnownFileType = sourcecode.swift; path = Parsing.swift; sourceTree = "<group>"; };
/* End PBXFileReference section */

/* Begin PBXFrameworksBuildPhase section */
		A061826C2A72C69800359493 /* Frameworks */ = {
			isa = PBXFrameworksBuildPhase;
			buildActionMask = 2147483647;
			files = (
			);
			runOnlyForDeploymentPostprocessing = 0;
		};
/* End PBXFrameworksBuildPhase section */

/* Begin PBXGroup section */
		A06182662A72C69800359493 = {
			isa = PBXGroup;
			children = (
				A06182712A72C69800359493 /* BeKnew */,
				A06182702A72C69800359493 /* Products */,
			);
			sourceTree = "<group>";
		};
		A06182702A72C69800359493 /* Products */ = {
			isa = PBXGroup;
			children = (
				A061826F2A72C69800359493 /* BeKnew.app */,
			);
			name = Products;
			sourceTree = "<group>";
		};
		A06182712A72C69800359493 /* BeKnew */ = {
			isa = PBXGroup;
			children = (
				A06182722A72C69800359493 /* BeKnewApp.swift */,
				A06182742A72C69800359493 /* ContentView.swift */,
				A06182802A72C71100359493 /* View */,
				A06182812A72C72800359493 /* Model */,
				A06182782A72C69900359493 /* Preview Content */,
			);
			path = BeKnew;
			sourceTree = "<group>";
		};
		A06182782A72C69900359493 /* Preview Content */ = {
			isa = PBXGroup;
			children = (
				A06182762A72C69900359493 /* Assets.xcassets */,
				A06182792A72C69900359493 /* Preview Assets.xcassets */,
			);
			path = "Preview Content";
			sourceTree = "<group>";
		};
		A06182802A72C71100359493 /* View */ = {
			isa = PBXGroup;
			children = (
				A06182C42A73C48F00359493 /* ListView.swift */,
				A06182C62A73C4A700359493 /* MoreView.swift */,
			);
			path = View;
			sourceTree = "<group>";
		};
		A06182812A72C72800359493 /* Model */ = {
			isa = PBXGroup;
			children = (
				A06182CC2A73C4F700359493 /* StateArticle.swift */,
				A06182CE2A73C50900359493 /* Articles.swift */,
				A06182D02A73C51900359493 /* Source.swift */,
				A06182D22A73C81000359493 /* Parsing.swift */,
			);
			path = Model;
			sourceTree = "<group>";
		};
/* End PBXGroup section */

/* Begin PBXNativeTarget section */
		A061826E2A72C69800359493 /* BeKnew */ = {
			isa = PBXNativeTarget;
			buildConfigurationList = A061827D2A72C69900359493 /* Build configuration list for PBXNativeTarget "BeKnew" */;
			buildPhases = (
				A061826B2A72C69800359493 /* Sources */,
				A061826C2A72C69800359493 /* Frameworks */,
				A061826D2A72C69800359493 /* Resources */,
			);
			buildRules = (
			);
			dependencies = (
			);
			name = BeKnew;
			productName = BeKnew;
			productReference = A061826F2A72C69800359493 /* BeKnew.app */;
			productType = "com.apple.product-type.application";
		};
/* End PBXNativeTarget section */

/* Begin PBXProject section */
		A06182672A72C69800359493 /* Project object */ = {
			isa = PBXProject;
			attributes = {
				BuildIndependentTargetsInParallel = 1;
				LastSwiftUpdateCheck = 1420;
				LastUpgradeCheck = 1420;
				TargetAttributes = {
					A061826E2A72C69800359493 = {
						CreatedOnToolsVersion = 14.2;
					};
				};
			};
			buildConfigurationList = A061826A2A72C69800359493 /* Build configuration list for PBXProject "BeKnew" */;
			compatibilityVersion = "Xcode 14.0";
			developmentRegion = en;
			hasScannedForEncodings = 0;
			knownRegions = (
				en,
				Base,
			);
			mainGroup = A06182662A72C69800359493;
			productRefGroup = A06182702A72C69800359493 /* Products */;
			projectDirPath = "";
			projectRoot = "";
			targets = (
				A061826E2A72C69800359493 /* BeKnew */,
			);
		};
/* End PBXProject section */

/* Begin PBXResourcesBuildPhase section */
		A061826D2A72C69800359493 /* Resources */ = {
			isa = PBXResourcesBuildPhase;
			buildActionMask = 2147483647;
			files = (
				A061827A2A72C69900359493 /* Preview Assets.xcassets in Resources */,
				A06182772A72C69900359493 /* Assets.xcassets in Resources */,
			);
			runOnlyForDeploymentPostprocessing = 0;
		};
/* End PBXResourcesBuildPhase section */

/* Begin PBXSourcesBuildPhase section */
		A061826B2A72C69800359493 /* Sources */ = {
			isa = PBXSourcesBuildPhase;
			buildActionMask = 2147483647;
			files = (
				A06182CF2A73C50900359493 /* Articles.swift in Sources */,
				A06182D32A73C81000359493 /* Parsing.swift in Sources */,
				A06182752A72C69800359493 /* ContentView.swift in Sources */,
				A06182C72A73C4A700359493 /* MoreView.swift in Sources */,
				A06182C52A73C48F00359493 /* ListView.swift in Sources */,
				A06182CD2A73C4F700359493 /* StateArticle.swift in Sources */,
				A06182D12A73C51900359493 /* Source.swift in Sources */,
				A06182732A72C69800359493 /* BeKnewApp.swift in Sources */,
			);
			runOnlyForDeploymentPostprocessing = 0;
		};
/* End PBXSourcesBuildPhase section */

/* Begin XCBuildConfiguration section */
		A061827B2A72C69900359493 /* Debug */ = {
			isa = XCBuildConfiguration;
			buildSettings = {
				ALWAYS_SEARCH_USER_PATHS = NO;
				CLANG_ANALYZER_NONNULL = YES;
				CLANG_ANALYZER_NUMBER_OBJECT_CONVERSION = YES_AGGRESSIVE;
				CLANG_CXX_LANGUAGE_STANDARD = "gnu++20";
				CLANG_ENABLE_MODULES = YES;
				CLANG_ENABLE_OBJC_ARC = YES;
				CLANG_ENABLE_OBJC_WEAK = YES;
				CLANG_WARN_BLOCK_CAPTURE_AUTORELEASING = YES;
				CLANG_WARN_BOOL_CONVERSION = YES;
				CLANG_WARN_COMMA = YES;
				CLANG_WARN_CONSTANT_CONVERSION = YES;
				CLANG_WARN_DEPRECATED_OBJC_IMPLEMENTATIONS = YES;
				CLANG_WARN_DIRECT_OBJC_ISA_USAGE = YES_ERROR;
				CLANG_WARN_DOCUMENTATION_COMMENTS = YES;
				CLANG_WARN_EMPTY_BODY = YES;
				CLANG_WARN_ENUM_CONVERSION = YES;
				CLANG_WARN_INFINITE_RECURSION = YES;
				CLANG_WARN_INT_CONVERSION = YES;
				CLANG_WARN_NON_LITERAL_NULL_CONVERSION = YES;
				CLANG_WARN_OBJC_IMPLICIT_RETAIN_SELF = YES;
				CLANG_WARN_OBJC_LITERAL_CONVERSION = YES;
				CLANG_WARN_OBJC_ROOT_CLASS = YES_ERROR;
				CLANG_WARN_QUOTED_INCLUDE_IN_FRAMEWORK_HEADER = YES;
				CLANG_WARN_RANGE_LOOP_ANALYSIS = YES;
				CLANG_WARN_STRICT_PROTOTYPES = YES;
				CLANG_WARN_SUSPICIOUS_MOVE = YES;
				CLANG_WARN_UNGUARDED_AVAILABILITY = YES_AGGRESSIVE;
				CLANG_WARN_UNREACHABLE_CODE = YES;
				CLANG_WARN__DUPLICATE_METHOD_MATCH = YES;
				COPY_PHASE_STRIP = NO;
				DEBUG_INFORMATION_FORMAT = dwarf;
				ENABLE_STRICT_OBJC_MSGSEND = YES;
				ENABLE_TESTABILITY = YES;
				GCC_C_LANGUAGE_STANDARD = gnu11;
				GCC_DYNAMIC_NO_PIC = NO;
				GCC_NO_COMMON_BLOCKS = YES;
				GCC_OPTIMIZATION_LEVEL = 0;
				GCC_PREPROCESSOR_DEFINITIONS = (
					"DEBUG=1",
					"$(inherited)",
				);
				GCC_WARN_64_TO_32_BIT_CONVERSION = YES;
				GCC_WARN_ABOUT_RETURN_TYPE = YES_ERROR;
				GCC_WARN_UNDECLARED_SELECTOR = YES;
				GCC_WARN_UNINITIALIZED_AUTOS = YES_AGGRESSIVE;
				GCC_WARN_UNUSED_FUNCTION = YES;
				GCC_WARN_UNUSED_VARIABLE = YES;
				IPHONEOS_DEPLOYMENT_TARGET = 16.2;
				MTL_ENABLE_DEBUG_INFO = INCLUDE_SOURCE;
				MTL_FAST_MATH = YES;
				ONLY_ACTIVE_ARCH = YES;
				SDKROOT = iphoneos;
				SWIFT_ACTIVE_COMPILATION_CONDITIONS = DEBUG;
				SWIFT_OPTIMIZATION_LEVEL = "-Onone";
			};
			name = Debug;
		};
		A061827C2A72C69900359493 /* Release */ = {
			isa = XCBuildConfiguration;
			buildSettings = {
				ALWAYS_SEARCH_USER_PATHS = NO;
				CLANG_ANALYZER_NONNULL = YES;
				CLANG_ANALYZER_NUMBER_OBJECT_CONVERSION = YES_AGGRESSIVE;
				CLANG_CXX_LANGUAGE_STANDARD = "gnu++20";
				CLANG_ENABLE_MODULES = YES;
				CLANG_ENABLE_OBJC_ARC = YES;
				CLANG_ENABLE_OBJC_WEAK = YES;
				CLANG_WARN_BLOCK_CAPTURE_AUTORELEASING = YES;
				CLANG_WARN_BOOL_CONVERSION = YES;
				CLANG_WARN_COMMA = YES;
				CLANG_WARN_CONSTANT_CONVERSION = YES;
				CLANG_WARN_DEPRECATED_OBJC_IMPLEMENTATIONS = YES;
				CLANG_WARN_DIRECT_OBJC_ISA_USAGE = YES_ERROR;
				CLANG_WARN_DOCUMENTATION_COMMENTS = YES;
				CLANG_WARN_EMPTY_BODY = YES;
				CLANG_WARN_ENUM_CONVERSION = YES;
				CLANG_WARN_INFINITE_RECURSION = YES;
				CLANG_WARN_INT_CONVERSION = YES;
				CLANG_WARN_NON_LITERAL_NULL_CONVERSION = YES;
				CLANG_WARN_OBJC_IMPLICIT_RETAIN_SELF = YES;
				CLANG_WARN_OBJC_LITERAL_CONVERSION = YES;
				CLANG_WARN_OBJC_ROOT_CLASS = YES_ERROR;
				CLANG_WARN_QUOTED_INCLUDE_IN_FRAMEWORK_HEADER = YES;
				CLANG_WARN_RANGE_LOOP_ANALYSIS = YES;
				CLANG_WARN_STRICT_PROTOTYPES = YES;
				CLANG_WARN_SUSPICIOUS_MOVE = YES;
				CLANG_WARN_UNGUARDED_AVAILABILITY = YES_AGGRESSIVE;
				CLANG_WARN_UNREACHABLE_CODE = YES;
				CLANG_WARN__DUPLICATE_METHOD_MATCH = YES;
				COPY_PHASE_STRIP = NO;
				DEBUG_INFORMATION_FORMAT = "dwarf-with-dsym";
				ENABLE_NS_ASSERTIONS = NO;
				ENABLE_STRICT_OBJC_MSGSEND = YES;
				GCC_C_LANGUAGE_STANDARD = gnu11;
				GCC_NO_COMMON_BLOCKS = YES;
				GCC_WARN_64_TO_32_BIT_CONVERSION = YES;
				GCC_WARN_ABOUT_RETURN_TYPE = YES_ERROR;
				GCC_WARN_UNDECLARED_SELECTOR = YES;
				GCC_WARN_UNINITIALIZED_AUTOS = YES_AGGRESSIVE;
				GCC_WARN_UNUSED_FUNCTION = YES;
				GCC_WARN_UNUSED_VARIABLE = YES;
				IPHONEOS_DEPLOYMENT_TARGET = 16.2;
				MTL_ENABLE_DEBUG_INFO = NO;
				MTL_FAST_MATH = YES;
				SDKROOT = iphoneos;
				SWIFT_COMPILATION_MODE = wholemodule;
				SWIFT_OPTIMIZATION_LEVEL = "-O";
				VALIDATE_PRODUCT = YES;
			};
			name = Release;
		};
		A061827E2A72C69900359493 /* Debug */ = {
			isa = XCBuildConfiguration;
			buildSettings = {
				ASSETCATALOG_COMPILER_APPICON_NAME = AppIcon;
				ASSETCATALOG_COMPILER_GLOBAL_ACCENT_COLOR_NAME = AccentColor;
				CODE_SIGN_STYLE = Automatic;
				CURRENT_PROJECT_VERSION = 1;
				DEVELOPMENT_ASSET_PATHS = "\"BeKnew/Preview Content\"";
				DEVELOPMENT_TEAM = 92CX2N3FF4;
				ENABLE_PREVIEWS = YES;
				GENERATE_INFOPLIST_FILE = YES;
				INFOPLIST_KEY_UIApplicationSceneManifest_Generation = YES;
				INFOPLIST_KEY_UIApplicationSupportsIndirectInputEvents = YES;
				INFOPLIST_KEY_UILaunchScreen_Generation = YES;
				INFOPLIST_KEY_UISupportedInterfaceOrientations_iPad = "UIInterfaceOrientationPortrait UIInterfaceOrientationPortraitUpsideDown UIInterfaceOrientationLandscapeLeft UIInterfaceOrientationLandscapeRight";
				INFOPLIST_KEY_UISupportedInterfaceOrientations_iPhone = "UIInterfaceOrientationPortrait UIInterfaceOrientationLandscapeLeft UIInterfaceOrientationLandscapeRight";
				LD_RUNPATH_SEARCH_PATHS = (
					"$(inherited)",
					"@executable_path/Frameworks",
				);
				MARKETING_VERSION = 1.0;
				PRODUCT_BUNDLE_IDENTIFIER = makdox.BeKnew;
				PRODUCT_NAME = "$(TARGET_NAME)";
				SWIFT_EMIT_LOC_STRINGS = YES;
				SWIFT_VERSION = 5.0;
				TARGETED_DEVICE_FAMILY = "1,2";
			};
			name = Debug;
		};
		A061827F2A72C69900359493 /* Release */ = {
			isa = XCBuildConfiguration;
			buildSettings = {
				ASSETCATALOG_COMPILER_APPICON_NAME = AppIcon;
				ASSETCATALOG_COMPILER_GLOBAL_ACCENT_COLOR_NAME = AccentColor;
				CODE_SIGN_STYLE = Automatic;
				CURRENT_PROJECT_VERSION = 1;
				DEVELOPMENT_ASSET_PATHS = "\"BeKnew/Preview Content\"";
				DEVELOPMENT_TEAM = 92CX2N3FF4;
				ENABLE_PREVIEWS = YES;
				GENERATE_INFOPLIST_FILE = YES;
				INFOPLIST_KEY_UIApplicationSceneManifest_Generation = YES;
				INFOPLIST_KEY_UIApplicationSupportsIndirectInputEvents = YES;
				INFOPLIST_KEY_UILaunchScreen_Generation = YES;
				INFOPLIST_KEY_UISupportedInterfaceOrientations_iPad = "UIInterfaceOrientationPortrait UIInterfaceOrientationPortraitUpsideDown UIInterfaceOrientationLandscapeLeft UIInterfaceOrientationLandscapeRight";
				INFOPLIST_KEY_UISupportedInterfaceOrientations_iPhone = "UIInterfaceOrientationPortrait UIInterfaceOrientationLandscapeLeft UIInterfaceOrientationLandscapeRight";
				LD_RUNPATH_SEARCH_PATHS = (
					"$(inherited)",
					"@executable_path/Frameworks",
				);
				MARKETING_VERSION = 1.0;
				PRODUCT_BUNDLE_IDENTIFIER = makdox.BeKnew;
				PRODUCT_NAME = "$(TARGET_NAME)";
				SWIFT_EMIT_LOC_STRINGS = YES;
				SWIFT_VERSION = 5.0;
				TARGETED_DEVICE_FAMILY = "1,2";
			};
			name = Release;
		};
/* End XCBuildConfiguration section */

/* Begin XCConfigurationList section */
		A061826A2A72C69800359493 /* Build configuration list for PBXProject "BeKnew" */ = {
			isa = XCConfigurationList;
			buildConfigurations = (
				A061827B2A72C69900359493 /* Debug */,
				A061827C2A72C69900359493 /* Release */,
			);
			defaultConfigurationIsVisible = 0;
			defaultConfigurationName = Release;
		};
		A061827D2A72C69900359493 /* Build configuration list for PBXNativeTarget "BeKnew" */ = {
			isa = XCConfigurationList;
			buildConfigurations = (
				A061827E2A72C69900359493 /* Debug */,
				A061827F2A72C69900359493 /* Release */,
			);
			defaultConfigurationIsVisible = 0;
			defaultConfigurationName = Release;
		};
/* End XCConfigurationList section */
	};
	rootObject = A06182672A72C69800359493 /* Project object */;
}
